
Microsoft Visual Studio Solution File, Format Version 12.00
# Visual Studio 2012
Project("{FAE04EC0-301F-11D3-BF4B-00C04F79EFBC}") = "AgFx", "AgFx\AgFx.csproj", "{3ED37B15-A664-4E31-ABD3-CD3522B35E27}"
EndProject
Project("{FAE04EC0-301F-11D3-BF4B-00C04F79EFBC}") = "AgFx.Common", "AgFx.Common\AgFx.Common.csproj", "{62FB0812-FE08-4556-ACEC-111796EFAD63}"
EndProject
Global
	GlobalSection(SolutionConfigurationPlatforms) = preSolution
		Debug|Any CPU = Debug|Any CPU
		Debug|Mixed Platforms = Debug|Mixed Platforms
		Debug|x86 = Debug|x86
		Package|Any CPU = Package|Any CPU
		Package|Mixed Platforms = Package|Mixed Platforms
		Package|x86 = Package|x86
		Release|Any CPU = Release|Any CPU
		Release|Mixed Platforms = Release|Mixed Platforms
		Release|x86 = Release|x86
	EndGlobalSection
	GlobalSection(ProjectConfigurationPlatforms) = postSolution
		{3ED37B15-A664-4E31-ABD3-CD3522B35E27}.Debug|Any CPU.ActiveCfg = Debug|Any CPU
		{3ED37B15-A664-4E31-ABD3-CD3522B35E27}.Debug|Any CPU.Build.0 = Debug|Any CPU
		{3ED37B15-A664-4E31-ABD3-CD3522B35E27}.Debug|Mixed Platforms.ActiveCfg = Debug|Any CPU
		{3ED37B15-A664-4E31-ABD3-CD3522B35E27}.Debug|Mixed Platforms.Build.0 = Debug|Any CPU
		{3ED37B15-A664-4E31-ABD3-CD3522B35E27}.Debug|x86.ActiveCfg = Debug|Any CPU
		{3ED37B15-A664-4E31-ABD3-CD3522B35E27}.Package|Any CPU.ActiveCfg = Release|Any CPU
		{3ED37B15-A664-4E31-ABD3-CD3522B35E27}.Package|Any CPU.Build.0 = Release|Any CPU
		{3ED37B15-A664-4E31-ABD3-CD3522B35E27}.Package|Mixed Platforms.ActiveCfg = Release|x86
		{3ED37B15-A664-4E31-ABD3-CD3522B35E27}.Package|Mixed Platforms.Build.0 = Release|x86
		{3ED37B15-A664-4E31-ABD3-CD3522B35E27}.Package|x86.ActiveCfg = Release|x86
		{3ED37B15-A664-4E31-ABD3-CD3522B35E27}.Package|x86.Build.0 = Release|x86
		{3ED37B15-A664-4E31-ABD3-CD3522B35E27}.Release|Any CPU.ActiveCfg = Release|Any CPU
		{3ED37B15-A664-4E31-ABD3-CD3522B35E27}.Release|Any CPU.Build.0 = Release|Any CPU
		{3ED37B15-A664-4E31-ABD3-CD3522B35E27}.Release|Mixed Platforms.ActiveCfg = Release|Any CPU
		{3ED37B15-A664-4E31-ABD3-CD3522B35E27}.Release|Mixed Platforms.Build.0 = Release|Any CPU
		{3ED37B15-A664-4E31-ABD3-CD3522B35E27}.Release|x86.ActiveCfg = Release|Any CPU
		{62FB0812-FE08-4556-ACEC-111796EFAD63}.Debug|Any CPU.ActiveCfg = Debug|Any CPU
		{62FB0812-FE08-4556-ACEC-111796EFAD63}.Debug|Any CPU.Build.0 = Debug|Any CPU
		{62FB0812-FE08-4556-ACEC-111796EFAD63}.Debug|Mixed Platforms.ActiveCfg = Debug|Any CPU
		{62FB0812-FE08-4556-ACEC-111796EFAD63}.Debug|Mixed Platforms.Build.0 = Debug|Any CPU
		{62FB0812-FE08-4556-ACEC-111796EFAD63}.Debug|x86.ActiveCfg = Debug|Any CPU
		{62FB0812-FE08-4556-ACEC-111796EFAD63}.Package|Any CPU.ActiveCfg = Release|Any CPU
		{62FB0812-FE08-4556-ACEC-111796EFAD63}.Package|Any CPU.Build.0 = Release|Any CPU
		{62FB0812-FE08-4556-ACEC-111796EFAD63}.Package|Mixed Platforms.ActiveCfg = Release|Any CPU
		{62FB0812-FE08-4556-ACEC-111796EFAD63}.Package|Mixed Platforms.Build.0 = Release|Any CPU
		{62FB0812-FE08-4556-ACEC-111796EFAD63}.Package|x86.ActiveCfg = Release|Any CPU
		{62FB0812-FE08-4556-ACEC-111796EFAD63}.Release|Any CPU.ActiveCfg = Release|Any CPU
		{62FB0812-FE08-4556-ACEC-111796EFAD63}.Release|Any CPU.Build.0 = Release|Any CPU
		{62FB0812-FE08-4556-ACEC-111796EFAD63}.Release|Mixed Platforms.ActiveCfg = Release|Any CPU
		{62FB0812-FE08-4556-ACEC-111796EFAD63}.Release|Mixed Platforms.Build.0 = Release|Any CPU
		{62FB0812-FE08-4556-ACEC-111796EFAD63}.Release|x86.ActiveCfg = Release|Any CPU
	EndGlobalSection
	GlobalSection(SolutionProperties) = preSolution
		HideSolutionNode = FALSE
	EndGlobalSection
EndGlobal
